
Microsoft Visual Studio Solution File, Format Version 12.00
# Visual Studio 14
VisualStudioVersion = 14.0.25123.0
MinimumVisualStudioVersion = 10.0.40219.1
Project("{FAE04EC0-301F-11D3-BF4B-00C04F79EFBC}") = "GridPanel", "GridPanel\GridPanel.csproj", "{D4AA4901-C0A9-4764-A2B8-7085C80EEEB2}"
EndProject
Project("{FAE04EC0-301F-11D3-BF4B-00C04F79EFBC}") = "StackPanel", "StackPanel\StackPanel.csproj", "{73CE16EF-AA95-482D-8285-90634F9F9F7C}"
EndProject
Project("{FAE04EC0-301F-11D3-BF4B-00C04F79EFBC}") = "WrapPanel", "WrapPanel\WrapPanel.csproj", "{BD870AAA-EDED-4673-9F1F-974653D84BAF}"
EndProject
Project("{FAE04EC0-301F-11D3-BF4B-00C04F79EFBC}") = "DockPanel", "DockPanel\DockPanel.csproj", "{E207AC04-E775-4ACB-982C-1F42D6CEF694}"
EndProject
Project("{FAE04EC0-301F-11D3-BF4B-00C04F79EFBC}") = "CanvasPanel", "CanvasPanel\CanvasPanel.csproj", "{6A15AD2A-70C6-46D8-981D-3D01484868C7}"
EndProject
Project("{FAE04EC0-301F-11D3-BF4B-00C04F79EFBC}") = "ItemsControl", "ItemsControl\ItemsControl.csproj", "{68B9EED8-8F49-4E49-A14C-0684E7400D4D}"
EndProject
Project("{FAE04EC0-301F-11D3-BF4B-00C04F79EFBC}") = "ItemsControlDataTemplate", "ItemsControlDataTemplate\ItemsControlDataTemplate.csproj", "{BF1146B0-1399-4F27-BD50-0A714FA8F72D}"
EndProject
Project("{FAE04EC0-301F-11D3-BF4B-00C04F79EFBC}") = "DataBindingHelloWorld", "DataBindingHelloWorld\DataBindingHelloWorld.csproj", "{C3F9BDEB-8CC4-4892-B4E1-D73B17310D21}"
EndProject
Project("{FAE04EC0-301F-11D3-BF4B-00C04F79EFBC}") = "DataBindingTwoWay", "DataBindingTwoWay\DataBindingTwoWay.csproj", "{E65ECBFD-32BA-4A55-84C1-6E33920C3063}"
EndProject
Project("{FAE04EC0-301F-11D3-BF4B-00C04F79EFBC}") = "Converter", "Converter\Converter.csproj", "{9CD3427D-2970-4B13-A427-14004929D64C}"
EndProject
Project("{FAE04EC0-301F-11D3-BF4B-00C04F79EFBC}") = "LocalControlStyles", "Styles\LocalControlStyles.csproj", "{B23B799C-A500-4BDB-9639-7CC5F837DA7B}"
EndProject
Project("{FAE04EC0-301F-11D3-BF4B-00C04F79EFBC}") = "GlobalStyle", "LocalChildStyle\GlobalStyle.csproj", "{E9B07946-77B4-4FB5-A014-E510F02C106E}"
EndProject
Project("{FAE04EC0-301F-11D3-BF4B-00C04F79EFBC}") = "DataTemplate", "DataTemplate\DataTemplate.csproj", "{5FEAD6D7-C83B-4346-BF1A-563044E8F47A}"
EndProject
Project("{FAE04EC0-301F-11D3-BF4B-00C04F79EFBC}") = "ControlTemplate", "ControlTemplate\ControlTemplate.csproj", "{200A6AD0-1A57-4FE5-807A-FF0C3AFCEE79}"
EndProject
Project("{2150E333-8FDC-42A3-9474-1A3956D46DE8}") = "1. Panels", "1. Panels", "{BDC238C5-69AA-49B3-A909-A8F523659298}"
EndProject
Project("{2150E333-8FDC-42A3-9474-1A3956D46DE8}") = "2. DataBindings", "2. DataBindings", "{F583CA91-3F74-43D7-BA0C-DF3F7A0984B3}"
EndProject
Project("{2150E333-8FDC-42A3-9474-1A3956D46DE8}") = "3. Templates_Styles", "3. Templates_Styles", "{86B603E5-A786-4D46-A63A-6644F3460F18}"
EndProject
Project("{2150E333-8FDC-42A3-9474-1A3956D46DE8}") = "4. Controls", "4. Controls", "{E0E0EBD5-9257-4004-9EA4-91BA490ED639}"
EndProject
Project("{2150E333-8FDC-42A3-9474-1A3956D46DE8}") = "5. Converters", "5. Converters", "{54B5254F-3F9E-4AA7-BDC3-55230A7D3712}"
EndProject
Project("{2150E333-8FDC-42A3-9474-1A3956D46DE8}") = "6. MVVM", "6. MVVM", "{4025E080-E9DA-401C-91E3-6C7F3B0E5089}"
EndProject
Project("{FAE04EC0-301F-11D3-BF4B-00C04F79EFBC}") = "Mvvm.Core", "Mvvm.Core\Mvvm.Core.csproj", "{D4035687-B1BF-4839-81E6-FD69E064866F}"
EndProject
Global
	GlobalSection(SolutionConfigurationPlatforms) = preSolution
		Debug|Any CPU = Debug|Any CPU
		Release|Any CPU = Release|Any CPU
	EndGlobalSection
	GlobalSection(ProjectConfigurationPlatforms) = postSolution
		{D4AA4901-C0A9-4764-A2B8-7085C80EEEB2}.Debug|Any CPU.ActiveCfg = Debug|Any CPU
		{D4AA4901-C0A9-4764-A2B8-7085C80EEEB2}.Debug|Any CPU.Build.0 = Debug|Any CPU
		{D4AA4901-C0A9-4764-A2B8-7085C80EEEB2}.Release|Any CPU.ActiveCfg = Release|Any CPU
		{D4AA4901-C0A9-4764-A2B8-7085C80EEEB2}.Release|Any CPU.Build.0 = Release|Any CPU
		{73CE16EF-AA95-482D-8285-90634F9F9F7C}.Debug|Any CPU.ActiveCfg = Debug|Any CPU
		{73CE16EF-AA95-482D-8285-90634F9F9F7C}.Debug|Any CPU.Build.0 = Debug|Any CPU
		{73CE16EF-AA95-482D-8285-90634F9F9F7C}.Release|Any CPU.ActiveCfg = Release|Any CPU
		{73CE16EF-AA95-482D-8285-90634F9F9F7C}.Release|Any CPU.Build.0 = Release|Any CPU
		{BD870AAA-EDED-4673-9F1F-974653D84BAF}.Debug|Any CPU.ActiveCfg = Debug|Any CPU
		{BD870AAA-EDED-4673-9F1F-974653D84BAF}.Debug|Any CPU.Build.0 = Debug|Any CPU
		{BD870AAA-EDED-4673-9F1F-974653D84BAF}.Release|Any CPU.ActiveCfg = Release|Any CPU
		{BD870AAA-EDED-4673-9F1F-974653D84BAF}.Release|Any CPU.Build.0 = Release|Any CPU
		{E207AC04-E775-4ACB-982C-1F42D6CEF694}.Debug|Any CPU.ActiveCfg = Debug|Any CPU
		{E207AC04-E775-4ACB-982C-1F42D6CEF694}.Debug|Any CPU.Build.0 = Debug|Any CPU
		{E207AC04-E775-4ACB-982C-1F42D6CEF694}.Release|Any CPU.ActiveCfg = Release|Any CPU
		{E207AC04-E775-4ACB-982C-1F42D6CEF694}.Release|Any CPU.Build.0 = Release|Any CPU
		{6A15AD2A-70C6-46D8-981D-3D01484868C7}.Debug|Any CPU.ActiveCfg = Debug|Any CPU
		{6A15AD2A-70C6-46D8-981D-3D01484868C7}.Debug|Any CPU.Build.0 = Debug|Any CPU
		{6A15AD2A-70C6-46D8-981D-3D01484868C7}.Release|Any CPU.ActiveCfg = Release|Any CPU
		{6A15AD2A-70C6-46D8-981D-3D01484868C7}.Release|Any CPU.Build.0 = Release|Any CPU
		{68B9EED8-8F49-4E49-A14C-0684E7400D4D}.Debug|Any CPU.ActiveCfg = Debug|Any CPU
		{68B9EED8-8F49-4E49-A14C-0684E7400D4D}.Debug|Any CPU.Build.0 = Debug|Any CPU
		{68B9EED8-8F49-4E49-A14C-0684E7400D4D}.Release|Any CPU.ActiveCfg = Release|Any CPU
		{68B9EED8-8F49-4E49-A14C-0684E7400D4D}.Release|Any CPU.Build.0 = Release|Any CPU
		{BF1146B0-1399-4F27-BD50-0A714FA8F72D}.Debug|Any CPU.ActiveCfg = Debug|Any CPU
		{BF1146B0-1399-4F27-BD50-0A714FA8F72D}.Debug|Any CPU.Build.0 = Debug|Any CPU
		{BF1146B0-1399-4F27-BD50-0A714FA8F72D}.Release|Any CPU.ActiveCfg = Release|Any CPU
		{BF1146B0-1399-4F27-BD50-0A714FA8F72D}.Release|Any CPU.Build.0 = Release|Any CPU
		{C3F9BDEB-8CC4-4892-B4E1-D73B17310D21}.Debug|Any CPU.ActiveCfg = Debug|Any CPU
		{C3F9BDEB-8CC4-4892-B4E1-D73B17310D21}.Debug|Any CPU.Build.0 = Debug|Any CPU
		{C3F9BDEB-8CC4-4892-B4E1-D73B17310D21}.Release|Any CPU.ActiveCfg = Release|Any CPU
		{C3F9BDEB-8CC4-4892-B4E1-D73B17310D21}.Release|Any CPU.Build.0 = Release|Any CPU
		{E65ECBFD-32BA-4A55-84C1-6E33920C3063}.Debug|Any CPU.ActiveCfg = Debug|Any CPU
		{E65ECBFD-32BA-4A55-84C1-6E33920C3063}.Debug|Any CPU.Build.0 = Debug|Any CPU
		{E65ECBFD-32BA-4A55-84C1-6E33920C3063}.Release|Any CPU.ActiveCfg = Release|Any CPU
		{E65ECBFD-32BA-4A55-84C1-6E33920C3063}.Release|Any CPU.Build.0 = Release|Any CPU
		{9CD3427D-2970-4B13-A427-14004929D64C}.Debug|Any CPU.ActiveCfg = Debug|Any CPU
		{9CD3427D-2970-4B13-A427-14004929D64C}.Debug|Any CPU.Build.0 = Debug|Any CPU
		{9CD3427D-2970-4B13-A427-14004929D64C}.Release|Any CPU.ActiveCfg = Release|Any CPU
		{9CD3427D-2970-4B13-A427-14004929D64C}.Release|Any CPU.Build.0 = Release|Any CPU
		{B23B799C-A500-4BDB-9639-7CC5F837DA7B}.Debug|Any CPU.ActiveCfg = Debug|Any CPU
		{B23B799C-A500-4BDB-9639-7CC5F837DA7B}.Debug|Any CPU.Build.0 = Debug|Any CPU
		{B23B799C-A500-4BDB-9639-7CC5F837DA7B}.Release|Any CPU.ActiveCfg = Release|Any CPU
		{B23B799C-A500-4BDB-9639-7CC5F837DA7B}.Release|Any CPU.Build.0 = Release|Any CPU
		{E9B07946-77B4-4FB5-A014-E510F02C106E}.Debug|Any CPU.ActiveCfg = Debug|Any CPU
		{E9B07946-77B4-4FB5-A014-E510F02C106E}.Debug|Any CPU.Build.0 = Debug|Any CPU
		{E9B07946-77B4-4FB5-A014-E510F02C106E}.Release|Any CPU.ActiveCfg = Release|Any CPU
		{E9B07946-77B4-4FB5-A014-E510F02C106E}.Release|Any CPU.Build.0 = Release|Any CPU
		{5FEAD6D7-C83B-4346-BF1A-563044E8F47A}.Debug|Any CPU.ActiveCfg = Debug|Any CPU
		{5FEAD6D7-C83B-4346-BF1A-563044E8F47A}.Debug|Any CPU.Build.0 = Debug|Any CPU
		{5FEAD6D7-C83B-4346-BF1A-563044E8F47A}.Release|Any CPU.ActiveCfg = Release|Any CPU
		{5FEAD6D7-C83B-4346-BF1A-563044E8F47A}.Release|Any CPU.Build.0 = Release|Any CPU
		{200A6AD0-1A57-4FE5-807A-FF0C3AFCEE79}.Debug|Any CPU.ActiveCfg = Debug|Any CPU
		{200A6AD0-1A57-4FE5-807A-FF0C3AFCEE79}.Debug|Any CPU.Build.0 = Debug|Any CPU
		{200A6AD0-1A57-4FE5-807A-FF0C3AFCEE79}.Release|Any CPU.ActiveCfg = Release|Any CPU
		{200A6AD0-1A57-4FE5-807A-FF0C3AFCEE79}.Release|Any CPU.Build.0 = Release|Any CPU
		{D4035687-B1BF-4839-81E6-FD69E064866F}.Debug|Any CPU.ActiveCfg = Debug|Any CPU
		{D4035687-B1BF-4839-81E6-FD69E064866F}.Debug|Any CPU.Build.0 = Debug|Any CPU
		{D4035687-B1BF-4839-81E6-FD69E064866F}.Release|Any CPU.ActiveCfg = Release|Any CPU
		{D4035687-B1BF-4839-81E6-FD69E064866F}.Release|Any CPU.Build.0 = Release|Any CPU
	EndGlobalSection
	GlobalSection(SolutionProperties) = preSolution
		HideSolutionNode = FALSE
	EndGlobalSection
	GlobalSection(NestedProjects) = preSolution
		{D4AA4901-C0A9-4764-A2B8-7085C80EEEB2} = {BDC238C5-69AA-49B3-A909-A8F523659298}
		{73CE16EF-AA95-482D-8285-90634F9F9F7C} = {BDC238C5-69AA-49B3-A909-A8F523659298}
		{BD870AAA-EDED-4673-9F1F-974653D84BAF} = {BDC238C5-69AA-49B3-A909-A8F523659298}
		{E207AC04-E775-4ACB-982C-1F42D6CEF694} = {BDC238C5-69AA-49B3-A909-A8F523659298}
		{6A15AD2A-70C6-46D8-981D-3D01484868C7} = {BDC238C5-69AA-49B3-A909-A8F523659298}
		{68B9EED8-8F49-4E49-A14C-0684E7400D4D} = {E0E0EBD5-9257-4004-9EA4-91BA490ED639}
		{BF1146B0-1399-4F27-BD50-0A714FA8F72D} = {E0E0EBD5-9257-4004-9EA4-91BA490ED639}
		{C3F9BDEB-8CC4-4892-B4E1-D73B17310D21} = {F583CA91-3F74-43D7-BA0C-DF3F7A0984B3}
		{E65ECBFD-32BA-4A55-84C1-6E33920C3063} = {F583CA91-3F74-43D7-BA0C-DF3F7A0984B3}
		{9CD3427D-2970-4B13-A427-14004929D64C} = {54B5254F-3F9E-4AA7-BDC3-55230A7D3712}
		{B23B799C-A500-4BDB-9639-7CC5F837DA7B} = {86B603E5-A786-4D46-A63A-6644F3460F18}
		{E9B07946-77B4-4FB5-A014-E510F02C106E} = {86B603E5-A786-4D46-A63A-6644F3460F18}
		{5FEAD6D7-C83B-4346-BF1A-563044E8F47A} = {86B603E5-A786-4D46-A63A-6644F3460F18}
		{200A6AD0-1A57-4FE5-807A-FF0C3AFCEE79} = {86B603E5-A786-4D46-A63A-6644F3460F18}
		{D4035687-B1BF-4839-81E6-FD69E064866F} = {4025E080-E9DA-401C-91E3-6C7F3B0E5089}
	EndGlobalSection
EndGlobal
